// !$*UTF8*$!
{
	archiveVersion = 1;
	classes = {
	};
	objectVersion = 46;
	objects = {

/* Begin PBXBuildFile section */
		7A39A8FC1D2C76FB001352CF /* AudioService.swift in Sources */ = {isa = PBXBuildFile; fileRef = 7A39A8FB1D2C76FB001352CF /* AudioService.swift */; };
		7A39A9041D2C77F1001352CF /* retro_calculatorTests.swift in Sources */ = {isa = PBXBuildFile; fileRef = 7A39A9031D2C77F1001352CF /* retro_calculatorTests.swift */; };
		7A39A90B1D2C787A001352CF /* AudioService.swift in Sources */ = {isa = PBXBuildFile; fileRef = 7A39A8FB1D2C76FB001352CF /* AudioService.swift */; };
		7A39A90D1D2CA061001352CF /* CalcService.swift in Sources */ = {isa = PBXBuildFile; fileRef = 7A39A90C1D2CA061001352CF /* CalcService.swift */; };
		7A39A90E1D2CA061001352CF /* CalcService.swift in Sources */ = {isa = PBXBuildFile; fileRef = 7A39A90C1D2CA061001352CF /* CalcService.swift */; };
		7A5CD34C1C9D2C25005C5721 /* AppDelegate.swift in Sources */ = {isa = PBXBuildFile; fileRef = 7A5CD34B1C9D2C25005C5721 /* AppDelegate.swift */; };
		7A5CD34E1C9D2C25005C5721 /* ViewController.swift in Sources */ = {isa = PBXBuildFile; fileRef = 7A5CD34D1C9D2C25005C5721 /* ViewController.swift */; };
		7A5CD3511C9D2C25005C5721 /* Main.storyboard in Resources */ = {isa = PBXBuildFile; fileRef = 7A5CD34F1C9D2C25005C5721 /* Main.storyboard */; };
		7A5CD3531C9D2C25005C5721 /* Assets.xcassets in Resources */ = {isa = PBXBuildFile; fileRef = 7A5CD3521C9D2C25005C5721 /* Assets.xcassets */; };
		7A5CD3561C9D2C25005C5721 /* LaunchScreen.storyboard in Resources */ = {isa = PBXBuildFile; fileRef = 7A5CD3541C9D2C25005C5721 /* LaunchScreen.storyboard */; };
		7A5CD35E1C9D40BD005C5721 /* Minecraft.ttf in Resources */ = {isa = PBXBuildFile; fileRef = 7A5CD35D1C9D40BD005C5721 /* Minecraft.ttf */; };
		7A5CD3601C9D48E8005C5721 /* btn.wav in Resources */ = {isa = PBXBuildFile; fileRef = 7A5CD35F1C9D48E8005C5721 /* btn.wav */; };
		7AA3D4FD1D304F3500DFEC45 /* retro_calculatorUITests.swift in Sources */ = {isa = PBXBuildFile; fileRef = 7AA3D4FC1D304F3500DFEC45 /* retro_calculatorUITests.swift */; };
/* End PBXBuildFile section */

/* Begin PBXContainerItemProxy section */
		7A39A9061D2C77F2001352CF /* PBXContainerItemProxy */ = {
			isa = PBXContainerItemProxy;
			containerPortal = 7A5CD3401C9D2C25005C5721 /* Project object */;
			proxyType = 1;
			remoteGlobalIDString = 7A5CD3471C9D2C25005C5721;
			remoteInfo = "retro-calculator";
		};
		7AA3D4FF1D304F3500DFEC45 /* PBXContainerItemProxy */ = {
			isa = PBXContainerItemProxy;
			containerPortal = 7A5CD3401C9D2C25005C5721 /* Project object */;
			proxyType = 1;
			remoteGlobalIDString = 7A5CD3471C9D2C25005C5721;
			remoteInfo = "retro-calculator";
		};
/* End PBXContainerItemProxy section */

/* Begin PBXFileReference section */
		7A39A8FB1D2C76FB001352CF /* AudioService.swift */ = {isa = PBXFileReference; fileEncoding = 4; lastKnownFileType = sourcecode.swift; path = AudioService.swift; sourceTree = "<group>"; };
		7A39A9011D2C77F1001352CF /* retro-calculatorTests.xctest */ = {isa = PBXFileReference; explicitFileType = wrapper.cfbundle; includeInIndex = 0; path = "retro-calculatorTests.xctest"; sourceTree = BUILT_PRODUCTS_DIR; };
		7A39A9031D2C77F1001352CF /* retro_calculatorTests.swift */ = {isa = PBXFileReference; lastKnownFileType = sourcecode.swift; path = retro_calculatorTests.swift; sourceTree = "<group>"; };
		7A39A9051D2C77F2001352CF /* Info.plist */ = {isa = PBXFileReference; lastKnownFileType = text.plist.xml; path = Info.plist; sourceTree = "<group>"; };
		7A39A90C1D2CA061001352CF /* CalcService.swift */ = {isa = PBXFileReference; fileEncoding = 4; lastKnownFileType = sourcecode.swift; path = CalcService.swift; sourceTree = "<group>"; };
		7A5CD3481C9D2C25005C5721 /* retro-calculator.app */ = {isa = PBXFileReference; explicitFileType = wrapper.application; includeInIndex = 0; path = "retro-calculator.app"; sourceTree = BUILT_PRODUCTS_DIR; };
		7A5CD34B1C9D2C25005C5721 /* AppDelegate.swift */ = {isa = PBXFileReference; lastKnownFileType = sourcecode.swift; path = AppDelegate.swift; sourceTree = "<group>"; };
		7A5CD34D1C9D2C25005C5721 /* ViewController.swift */ = {isa = PBXFileReference; lastKnownFileType = sourcecode.swift; path = ViewController.swift; sourceTree = "<group>"; };
		7A5CD3501C9D2C25005C5721 /* Base */ = {isa = PBXFileReference; lastKnownFileType = file.storyboard; name = Base; path = Base.lproj/Main.storyboard; sourceTree = "<group>"; };
		7A5CD3521C9D2C25005C5721 /* Assets.xcassets */ = {isa = PBXFileReference; lastKnownFileType = folder.assetcatalog; path = Assets.xcassets; sourceTree = "<group>"; };
		7A5CD3551C9D2C25005C5721 /* Base */ = {isa = PBXFileReference; lastKnownFileType = file.storyboard; name = Base; path = Base.lproj/LaunchScreen.storyboard; sourceTree = "<group>"; };
		7A5CD3571C9D2C25005C5721 /* Info.plist */ = {isa = PBXFileReference; lastKnownFileType = text.plist.xml; path = Info.plist; sourceTree = "<group>"; };
		7A5CD35D1C9D40BD005C5721 /* Minecraft.ttf */ = {isa = PBXFileReference; lastKnownFileType = file; path = Minecraft.ttf; sourceTree = "<group>"; };
		7A5CD35F1C9D48E8005C5721 /* btn.wav */ = {isa = PBXFileReference; lastKnownFileType = audio.wav; path = btn.wav; sourceTree = "<group>"; };
		7AA3D4FA1D304F3500DFEC45 /* retro-calculatorUITests.xctest */ = {isa = PBXFileReference; explicitFileType = wrapper.cfbundle; includeInIndex = 0; path = "retro-calculatorUITests.xctest"; sourceTree = BUILT_PRODUCTS_DIR; };
		7AA3D4FC1D304F3500DFEC45 /* retro_calculatorUITests.swift */ = {isa = PBXFileReference; lastKnownFileType = sourcecode.swift; path = retro_calculatorUITests.swift; sourceTree = "<group>"; };
		7AA3D4FE1D304F3500DFEC45 /* Info.plist */ = {isa = PBXFileReference; lastKnownFileType = text.plist.xml; path = Info.plist; sourceTree = "<group>"; };
/* End PBXFileReference section */

/* Begin PBXFrameworksBuildPhase section */
		7A39A8FE1D2C77F1001352CF /* Frameworks */ = {
			isa = PBXFrameworksBuildPhase;
			buildActionMask = 2147483647;
			files = (
			);
			runOnlyForDeploymentPostprocessing = 0;
		};
		7A5CD3451C9D2C25005C5721 /* Frameworks */ = {
			isa = PBXFrameworksBuildPhase;
			buildActionMask = 2147483647;
			files = (
			);
			runOnlyForDeploymentPostprocessing = 0;
		};
		7AA3D4F71D304F3500DFEC45 /* Frameworks */ = {
			isa = PBXFrameworksBuildPhase;
			buildActionMask = 2147483647;
			files = (
			);
			runOnlyForDeploymentPostprocessing = 0;
		};
/* End PBXFrameworksBuildPhase section */

/* Begin PBXGroup section */
		7A39A8FA1D2C76DC001352CF /* Services */ = {
			isa = PBXGroup;
			children = (
				7A39A8FB1D2C76FB001352CF /* AudioService.swift */,
				7A39A90C1D2CA061001352CF /* CalcService.swift */,
			);
			name = Services;
			sourceTree = "<group>";
		};
		7A39A9021D2C77F1001352CF /* retro-calculatorTests */ = {
			isa = PBXGroup;
			children = (
				7A39A9031D2C77F1001352CF /* retro_calculatorTests.swift */,
				7A39A9051D2C77F2001352CF /* Info.plist */,
			);
			path = "retro-calculatorTests";
			sourceTree = "<group>";
		};
		7A5CD33F1C9D2C25005C5721 = {
			isa = PBXGroup;
			children = (
				7A5CD34A1C9D2C25005C5721 /* retro-calculator */,
				7A39A9021D2C77F1001352CF /* retro-calculatorTests */,
				7AA3D4FB1D304F3500DFEC45 /* retro-calculatorUITests */,
				7A5CD3491C9D2C25005C5721 /* Products */,
			);
			sourceTree = "<group>";
		};
		7A5CD3491C9D2C25005C5721 /* Products */ = {
			isa = PBXGroup;
			children = (
				7A5CD3481C9D2C25005C5721 /* retro-calculator.app */,
				7A39A9011D2C77F1001352CF /* retro-calculatorTests.xctest */,
				7AA3D4FA1D304F3500DFEC45 /* retro-calculatorUITests.xctest */,
			);
			name = Products;
			sourceTree = "<group>";
		};
		7A5CD34A1C9D2C25005C5721 /* retro-calculator */ = {
			isa = PBXGroup;
			children = (
				7A39A8FA1D2C76DC001352CF /* Services */,
				7A5CD35D1C9D40BD005C5721 /* Minecraft.ttf */,
				7A5CD35F1C9D48E8005C5721 /* btn.wav */,
				7A5CD34B1C9D2C25005C5721 /* AppDelegate.swift */,
				7A5CD34D1C9D2C25005C5721 /* ViewController.swift */,
				7A5CD34F1C9D2C25005C5721 /* Main.storyboard */,
				7A5CD3521C9D2C25005C5721 /* Assets.xcassets */,
				7A5CD3541C9D2C25005C5721 /* LaunchScreen.storyboard */,
				7A5CD3571C9D2C25005C5721 /* Info.plist */,
			);
			path = "retro-calculator";
			sourceTree = "<group>";
		};
		7AA3D4FB1D304F3500DFEC45 /* retro-calculatorUITests */ = {
			isa = PBXGroup;
			children = (
				7AA3D4FC1D304F3500DFEC45 /* retro_calculatorUITests.swift */,
				7AA3D4FE1D304F3500DFEC45 /* Info.plist */,
			);
			path = "retro-calculatorUITests";
			sourceTree = "<group>";
		};
/* End PBXGroup section */

/* Begin PBXNativeTarget section */
		7A39A9001D2C77F1001352CF /* retro-calculatorTests */ = {
			isa = PBXNativeTarget;
			buildConfigurationList = 7A39A9081D2C77F2001352CF /* Build configuration list for PBXNativeTarget "retro-calculatorTests" */;
			buildPhases = (
				7A39A8FD1D2C77F1001352CF /* Sources */,
				7A39A8FE1D2C77F1001352CF /* Frameworks */,
				7A39A8FF1D2C77F1001352CF /* Resources */,
			);
			buildRules = (
			);
			dependencies = (
				7A39A9071D2C77F2001352CF /* PBXTargetDependency */,
			);
			name = "retro-calculatorTests";
			productName = "retro-calculatorTests";
			productReference = 7A39A9011D2C77F1001352CF /* retro-calculatorTests.xctest */;
			productType = "com.apple.product-type.bundle.unit-test";
		};
		7A5CD3471C9D2C25005C5721 /* retro-calculator */ = {
			isa = PBXNativeTarget;
			buildConfigurationList = 7A5CD35A1C9D2C25005C5721 /* Build configuration list for PBXNativeTarget "retro-calculator" */;
			buildPhases = (
				7A5CD3441C9D2C25005C5721 /* Sources */,
				7A5CD3451C9D2C25005C5721 /* Frameworks */,
				7A5CD3461C9D2C25005C5721 /* Resources */,
			);
			buildRules = (
			);
			dependencies = (
			);
			name = "retro-calculator";
			productName = "retro-calculator";
			productReference = 7A5CD3481C9D2C25005C5721 /* retro-calculator.app */;
			productType = "com.apple.product-type.application";
		};
		7AA3D4F91D304F3500DFEC45 /* retro-calculatorUITests */ = {
			isa = PBXNativeTarget;
			buildConfigurationList = 7AA3D5031D304F3500DFEC45 /* Build configuration list for PBXNativeTarget "retro-calculatorUITests" */;
			buildPhases = (
				7AA3D4F61D304F3500DFEC45 /* Sources */,
				7AA3D4F71D304F3500DFEC45 /* Frameworks */,
				7AA3D4F81D304F3500DFEC45 /* Resources */,
			);
			buildRules = (
			);
			dependencies = (
				7AA3D5001D304F3500DFEC45 /* PBXTargetDependency */,
			);
			name = "retro-calculatorUITests";
			productName = "retro-calculatorUITests";
			productReference = 7AA3D4FA1D304F3500DFEC45 /* retro-calculatorUITests.xctest */;
			productType = "com.apple.product-type.bundle.ui-testing";
		};
/* End PBXNativeTarget section */

/* Begin PBXProject section */
		7A5CD3401C9D2C25005C5721 /* Project object */ = {
			isa = PBXProject;
			attributes = {
				LastSwiftUpdateCheck = 0730;
				LastUpgradeCheck = 0720;
				ORGANIZATIONNAME = "Red Raven Computing Studios";
				TargetAttributes = {
					7A39A9001D2C77F1001352CF = {
						CreatedOnToolsVersion = 7.3.1;
						TestTargetID = 7A5CD3471C9D2C25005C5721;
					};
					7A5CD3471C9D2C25005C5721 = {
						CreatedOnToolsVersion = 7.2.1;
					};
					7AA3D4F91D304F3500DFEC45 = {
						CreatedOnToolsVersion = 7.3.1;
						TestTargetID = 7A5CD3471C9D2C25005C5721;
					};
				};
			};
			buildConfigurationList = 7A5CD3431C9D2C25005C5721 /* Build configuration list for PBXProject "retro-calculator" */;
			compatibilityVersion = "Xcode 3.2";
			developmentRegion = English;
			hasScannedForEncodings = 0;
			knownRegions = (
				en,
				Base,
			);
			mainGroup = 7A5CD33F1C9D2C25005C5721;
			productRefGroup = 7A5CD3491C9D2C25005C5721 /* Products */;
			projectDirPath = "";
			projectRoot = "";
			targets = (
				7A5CD3471C9D2C25005C5721 /* retro-calculator */,
				7A39A9001D2C77F1001352CF /* retro-calculatorTests */,
				7AA3D4F91D304F3500DFEC45 /* retro-calculatorUITests */,
			);
		};
/* End PBXProject section */

/* Begin PBXResourcesBuildPhase section */
		7A39A8FF1D2C77F1001352CF /* Resources */ = {
			isa = PBXResourcesBuildPhase;
			buildActionMask = 2147483647;
			files = (
			);
			runOnlyForDeploymentPostprocessing = 0;
		};
		7A5CD3461C9D2C25005C5721 /* Resources */ = {
			isa = PBXResourcesBuildPhase;
			buildActionMask = 2147483647;
			files = (
				7A5CD3601C9D48E8005C5721 /* btn.wav in Resources */,
				7A5CD3561C9D2C25005C5721 /* LaunchScreen.storyboard in Resources */,
				7A5CD3531C9D2C25005C5721 /* Assets.xcassets in Resources */,
				7A5CD35E1C9D40BD005C5721 /* Minecraft.ttf in Resources */,
				7A5CD3511C9D2C25005C5721 /* Main.storyboard in Resources */,
			);
			runOnlyForDeploymentPostprocessing = 0;
		};
		7AA3D4F81D304F3500DFEC45 /* Resources */ = {
			isa = PBXResourcesBuildPhase;
			buildActionMask = 2147483647;
			files = (
			);
			runOnlyForDeploymentPostprocessing = 0;
		};
/* End PBXResourcesBuildPhase section */

/* Begin PBXSourcesBuildPhase section */
		7A39A8FD1D2C77F1001352CF /* Sources */ = {
			isa = PBXSourcesBuildPhase;
			buildActionMask = 2147483647;
			files = (
				7A39A90B1D2C787A001352CF /* AudioService.swift in Sources */,
				7A39A90E1D2CA061001352CF /* CalcService.swift in Sources */,
				7A39A9041D2C77F1001352CF /* retro_calculatorTests.swift in Sources */,
			);
			runOnlyForDeploymentPostprocessing = 0;
		};
		7A5CD3441C9D2C25005C5721 /* Sources */ = {
			isa = PBXSourcesBuildPhase;
			buildActionMask = 2147483647;
			files = (
				7A39A90D1D2CA061001352CF /* CalcService.swift in Sources */,
				7A5CD34E1C9D2C25005C5721 /* ViewController.swift in Sources */,
				7A5CD34C1C9D2C25005C5721 /* AppDelegate.swift in Sources */,
				7A39A8FC1D2C76FB001352CF /* AudioService.swift in Sources */,
			);
			runOnlyForDeploymentPostprocessing = 0;
		};
		7AA3D4F61D304F3500DFEC45 /* Sources */ = {
			isa = PBXSourcesBuildPhase;
			buildActionMask = 2147483647;
			files = (
				7AA3D4FD1D304F3500DFEC45 /* retro_calculatorUITests.swift in Sources */,
			);
			runOnlyForDeploymentPostprocessing = 0;
		};
/* End PBXSourcesBuildPhase section */

/* Begin PBXTargetDependency section */
		7A39A9071D2C77F2001352CF /* PBXTargetDependency */ = {
			isa = PBXTargetDependency;
			target = 7A5CD3471C9D2C25005C5721 /* retro-calculator */;
			targetProxy = 7A39A9061D2C77F2001352CF /* PBXContainerItemProxy */;
		};
		7AA3D5001D304F3500DFEC45 /* PBXTargetDependency */ = {
			isa = PBXTargetDependency;
			target = 7A5CD3471C9D2C25005C5721 /* retro-calculator */;
			targetProxy = 7AA3D4FF1D304F3500DFEC45 /* PBXContainerItemProxy */;
		};
/* End PBXTargetDependency section */

/* Begin PBXVariantGroup section */
		7A5CD34F1C9D2C25005C5721 /* Main.storyboard */ = {
			isa = PBXVariantGroup;
			children = (
				7A5CD3501C9D2C25005C5721 /* Base */,
			);
			name = Main.storyboard;
			sourceTree = "<group>";
		};
		7A5CD3541C9D2C25005C5721 /* LaunchScreen.storyboard */ = {
			isa = PBXVariantGroup;
			children = (
				7A5CD3551C9D2C25005C5721 /* Base */,
			);
			name = LaunchScreen.storyboard;
			sourceTree = "<group>";
		};
/* End PBXVariantGroup section */

/* Begin XCBuildConfiguration section */
		7A39A9091D2C77F2001352CF /* Debug */ = {
			isa = XCBuildConfiguration;
			buildSettings = {
				BUNDLE_LOADER = "$(TEST_HOST)";
				CLANG_ANALYZER_NONNULL = YES;
				INFOPLIST_FILE = "retro-calculatorTests/Info.plist";
				IPHONEOS_DEPLOYMENT_TARGET = 9.3;
				LD_RUNPATH_SEARCH_PATHS = "$(inherited) @executable_path/Frameworks @loader_path/Frameworks";
				PRODUCT_BUNDLE_IDENTIFIER = "com.redravencomputing.retro-calculatorTests";
				PRODUCT_NAME = "$(TARGET_NAME)";
				TEST_HOST = "$(BUILT_PRODUCTS_DIR)/retro-calculator.app/retro-calculator";
			};
			name = Debug;
		};
		7A39A90A1D2C77F2001352CF /* Release */ = {
			isa = XCBuildConfiguration;
			buildSettings = {
				BUNDLE_LOADER = "$(TEST_HOST)";
				CLANG_ANALYZER_NONNULL = YES;
				INFOPLIST_FILE = "retro-calculatorTests/Info.plist";
				IPHONEOS_DEPLOYMENT_TARGET = 9.3;
				LD_RUNPATH_SEARCH_PATHS = "$(inherited) @executable_path/Frameworks @loader_path/Frameworks";
				PRODUCT_BUNDLE_IDENTIFIER = "com.redravencomputing.retro-calculatorTests";
				PRODUCT_NAME = "$(TARGET_NAME)";
				TEST_HOST = "$(BUILT_PRODUCTS_DIR)/retro-calculator.app/retro-calculator";
			};
			name = Release;
		};
		7A5CD3581C9D2C25005C5721 /* Debug */ = {
			isa = XCBuildConfiguration;
			buildSettings = {
				ALWAYS_SEARCH_USER_PATHS = NO;
				CLANG_CXX_LANGUAGE_STANDARD = "gnu++0x";
				CLANG_CXX_LIBRARY = "libc++";
				CLANG_ENABLE_MODULES = YES;
				CLANG_ENABLE_OBJC_ARC = YES;
				CLANG_WARN_BOOL_CONVERSION = YES;
				CLANG_WARN_CONSTANT_CONVERSION = YES;
				CLANG_WARN_DIRECT_OBJC_ISA_USAGE = YES_ERROR;
				CLANG_WARN_EMPTY_BODY = YES;
				CLANG_WARN_ENUM_CONVERSION = YES;
				CLANG_WARN_INT_CONVERSION = YES;
				CLANG_WARN_OBJC_ROOT_CLASS = YES_ERROR;
				CLANG_WARN_UNREACHABLE_CODE = YES;
				CLANG_WARN__DUPLICATE_METHOD_MATCH = YES;
				"CODE_SIGN_IDENTITY[sdk=iphoneos*]" = "iPhone Developer";
				COPY_PHASE_STRIP = NO;
				DEBUG_INFORMATION_FORMAT = dwarf;
				ENABLE_STRICT_OBJC_MSGSEND = YES;
				ENABLE_TESTABILITY = YES;
				GCC_C_LANGUAGE_STANDARD = gnu99;
				GCC_DYNAMIC_NO_PIC = NO;
				GCC_NO_COMMON_BLOCKS = YES;
				GCC_OPTIMIZATION_LEVEL = 0;
				GCC_PREPROCESSOR_DEFINITIONS = (
					"DEBUG=1",
					"$(inherited)",
				);
				GCC_WARN_64_TO_32_BIT_CONVERSION = YES;
				GCC_WARN_ABOUT_RETURN_TYPE = YES_ERROR;
				GCC_WARN_UNDECLARED_SELECTOR = YES;
				GCC_WARN_UNINITIALIZED_AUTOS = YES_AGGRESSIVE;
				GCC_WARN_UNUSED_FUNCTION = YES;
				GCC_WARN_UNUSED_VARIABLE = YES;
				IPHONEOS_DEPLOYMENT_TARGET = 9.2;
				MTL_ENABLE_DEBUG_INFO = YES;
				ONLY_ACTIVE_ARCH = YES;
				SDKROOT = iphoneos;
				SWIFT_OPTIMIZATION_LEVEL = "-Onone";
			};
			name = Debug;
		};
		7A5CD3591C9D2C25005C5721 /* Release */ = {
			isa = XCBuildConfiguration;
			buildSettings = {
				ALWAYS_SEARCH_USER_PATHS = NO;
				CLANG_CXX_LANGUAGE_STANDARD = "gnu++0x";
				CLANG_CXX_LIBRARY = "libc++";
				CLANG_ENABLE_MODULES = YES;
				CLANG_ENABLE_OBJC_ARC = YES;
				CLANG_WARN_BOOL_CONVERSION = YES;
				CLANG_WARN_CONSTANT_CONVERSION = YES;
				CLANG_WARN_DIRECT_OBJC_ISA_USAGE = YES_ERROR;
				CLANG_WARN_EMPTY_BODY = YES;
				CLANG_WARN_ENUM_CONVERSION = YES;
				CLANG_WARN_INT_CONVERSION = YES;
				CLANG_WARN_OBJC_ROOT_CLASS = YES_ERROR;
				CLANG_WARN_UNREACHABLE_CODE = YES;
				CLANG_WARN__DUPLICATE_METHOD_MATCH = YES;
				"CODE_SIGN_IDENTITY[sdk=iphoneos*]" = "iPhone Developer";
				COPY_PHASE_STRIP = NO;
				DEBUG_INFORMATION_FORMAT = "dwarf-with-dsym";
				ENABLE_NS_ASSERTIONS = NO;
				ENABLE_STRICT_OBJC_MSGSEND = YES;
				GCC_C_LANGUAGE_STANDARD = gnu99;
				GCC_NO_COMMON_BLOCKS = YES;
				GCC_WARN_64_TO_32_BIT_CONVERSION = YES;
				GCC_WARN_ABOUT_RETURN_TYPE = YES_ERROR;
				GCC_WARN_UNDECLARED_SELECTOR = YES;
				GCC_WARN_UNINITIALIZED_AUTOS = YES_AGGRESSIVE;
				GCC_WARN_UNUSED_FUNCTION = YES;
				GCC_WARN_UNUSED_VARIABLE = YES;
				IPHONEOS_DEPLOYMENT_TARGET = 9.2;
				MTL_ENABLE_DEBUG_INFO = NO;
				SDKROOT = iphoneos;
				VALIDATE_PRODUCT = YES;
			};
			name = Release;
		};
		7A5CD35B1C9D2C25005C5721 /* Debug */ = {
			isa = XCBuildConfiguration;
			buildSettings = {
				ASSETCATALOG_COMPILER_APPICON_NAME = AppIcon;
				INFOPLIST_FILE = "retro-calculator/Info.plist";
				LD_RUNPATH_SEARCH_PATHS = "$(inherited) @executable_path/Frameworks";
				PRODUCT_BUNDLE_IDENTIFIER = "com.redravencomputing.retro-calculator";
				PRODUCT_NAME = "$(TARGET_NAME)";
			};
			name = Debug;
		};
		7A5CD35C1C9D2C25005C5721 /* Release */ = {
			isa = XCBuildConfiguration;
			buildSettings = {
				ASSETCATALOG_COMPILER_APPICON_NAME = AppIcon;
				INFOPLIST_FILE = "retro-calculator/Info.plist";
				LD_RUNPATH_SEARCH_PATHS = "$(inherited) @executable_path/Frameworks";
				PRODUCT_BUNDLE_IDENTIFIER = "com.redravencomputing.retro-calculator";
				PRODUCT_NAME = "$(TARGET_NAME)";
			};
			name = Release;
		};
		7AA3D5011D304F3500DFEC45 /* Debug */ = {
			isa = XCBuildConfiguration;
			buildSettings = {
				CLANG_ANALYZER_NONNULL = YES;
				INFOPLIST_FILE = "retro-calculatorUITests/Info.plist";
				IPHONEOS_DEPLOYMENT_TARGET = 9.3;
				LD_RUNPATH_SEARCH_PATHS = "$(inherited) @executable_path/Frameworks @loader_path/Frameworks";
				PRODUCT_BUNDLE_IDENTIFIER = "com.redravencomputing.retro-calculatorUITests";
				PRODUCT_NAME = "$(TARGET_NAME)";
				TEST_TARGET_NAME = "retro-calculator";
			};
			name = Debug;
		};
		7AA3D5021D304F3500DFEC45 /* Release */ = {
			isa = XCBuildConfiguration;
			buildSettings = {
				CLANG_ANALYZER_NONNULL = YES;
				INFOPLIST_FILE = "retro-calculatorUITests/Info.plist";
				IPHONEOS_DEPLOYMENT_TARGET = 9.3;
				LD_RUNPATH_SEARCH_PATHS = "$(inherited) @executable_path/Frameworks @loader_path/Frameworks";
				PRODUCT_BUNDLE_IDENTIFIER = "com.redravencomputing.retro-calculatorUITests";
				PRODUCT_NAME = "$(TARGET_NAME)";
				TEST_TARGET_NAME = "retro-calculator";
			};
			name = Release;
		};
/* End XCBuildConfiguration section */

/* Begin XCConfigurationList section */
		7A39A9081D2C77F2001352CF /* Build configuration list for PBXNativeTarget "retro-calculatorTests" */ = {
			isa = XCConfigurationList;
			buildConfigurations = (
				7A39A9091D2C77F2001352CF /* Debug */,
				7A39A90A1D2C77F2001352CF /* Release */,
			);
			defaultConfigurationIsVisible = 0;
			defaultConfigurationName = Release;
		};
		7A5CD3431C9D2C25005C5721 /* Build configuration list for PBXProject "retro-calculator" */ = {
			isa = XCConfigurationList;
			buildConfigurations = (
				7A5CD3581C9D2C25005C5721 /* Debug */,
				7A5CD3591C9D2C25005C5721 /* Release */,
			);
			defaultConfigurationIsVisible = 0;
			defaultConfigurationName = Release;
		};
		7A5CD35A1C9D2C25005C5721 /* Build configuration list for PBXNativeTarget "retro-calculator" */ = {
			isa = XCConfigurationList;
			buildConfigurations = (
				7A5CD35B1C9D2C25005C5721 /* Debug */,
				7A5CD35C1C9D2C25005C5721 /* Release */,
			);
			defaultConfigurationIsVisible = 0;
			defaultConfigurationName = Release;
		};
		7AA3D5031D304F3500DFEC45 /* Build configuration list for PBXNativeTarget "retro-calculatorUITests" */ = {
			isa = XCConfigurationList;
			buildConfigurations = (
				7AA3D5011D304F3500DFEC45 /* Debug */,
				7AA3D5021D304F3500DFEC45 /* Release */,
			);
			defaultConfigurationIsVisible = 0;
		};
/* End XCConfigurationList section */
	};
	rootObject = 7A5CD3401C9D2C25005C5721 /* Project object */;
}
